// !$*UTF8*$!
{
	archiveVersion = 1;
	classes = {
	};
	objectVersion = 50;
	objects = {

/* Begin PBXBuildFile section */
		19718BD022DC3CDE00D381E5 /* AppDelegate.swift in Sources */ = {isa = PBXBuildFile; fileRef = 19718BCF22DC3CDE00D381E5 /* AppDelegate.swift */; };
		19718BD222DC3CDE00D381E5 /* ViewController.swift in Sources */ = {isa = PBXBuildFile; fileRef = 19718BD122DC3CDE00D381E5 /* ViewController.swift */; };
		19718BD522DC3CDE00D381E5 /* Main.storyboard in Resources */ = {isa = PBXBuildFile; fileRef = 19718BD322DC3CDE00D381E5 /* Main.storyboard */; };
		19718BD722DC3CE000D381E5 /* Assets.xcassets in Resources */ = {isa = PBXBuildFile; fileRef = 19718BD622DC3CE000D381E5 /* Assets.xcassets */; };
		19718BDA22DC3CE000D381E5 /* LaunchScreen.storyboard in Resources */ = {isa = PBXBuildFile; fileRef = 19718BD822DC3CE000D381E5 /* LaunchScreen.storyboard */; };
		19718BE522DC3CE100D381E5 /* ap_2_ios_summerTests.swift in Sources */ = {isa = PBXBuildFile; fileRef = 19718BE422DC3CE100D381E5 /* ap_2_ios_summerTests.swift */; };
		19718BF022DC3CE100D381E5 /* ap_2_ios_summerUITests.swift in Sources */ = {isa = PBXBuildFile; fileRef = 19718BEF22DC3CE100D381E5 /* ap_2_ios_summerUITests.swift */; };
/* End PBXBuildFile section */

/* Begin PBXContainerItemProxy section */
		19718BE122DC3CE000D381E5 /* PBXContainerItemProxy */ = {
			isa = PBXContainerItemProxy;
			containerPortal = 19718BC422DC3CDE00D381E5 /* Project object */;
			proxyType = 1;
			remoteGlobalIDString = 19718BCB22DC3CDE00D381E5;
			remoteInfo = ap_2_ios_summer;
		};
		19718BEC22DC3CE100D381E5 /* PBXContainerItemProxy */ = {
			isa = PBXContainerItemProxy;
			containerPortal = 19718BC422DC3CDE00D381E5 /* Project object */;
			proxyType = 1;
			remoteGlobalIDString = 19718BCB22DC3CDE00D381E5;
			remoteInfo = ap_2_ios_summer;
		};
/* End PBXContainerItemProxy section */

/* Begin PBXFileReference section */
		19718BCC22DC3CDE00D381E5 /* ap_2_ios_summer.app */ = {isa = PBXFileReference; explicitFileType = wrapper.application; includeInIndex = 0; path = ap_2_ios_summer.app; sourceTree = BUILT_PRODUCTS_DIR; };
		19718BCF22DC3CDE00D381E5 /* AppDelegate.swift */ = {isa = PBXFileReference; lastKnownFileType = sourcecode.swift; path = AppDelegate.swift; sourceTree = "<group>"; };
		19718BD122DC3CDE00D381E5 /* ViewController.swift */ = {isa = PBXFileReference; lastKnownFileType = sourcecode.swift; path = ViewController.swift; sourceTree = "<group>"; };
		19718BD422DC3CDE00D381E5 /* Base */ = {isa = PBXFileReference; lastKnownFileType = file.storyboard; name = Base; path = Base.lproj/Main.storyboard; sourceTree = "<group>"; };
		19718BD622DC3CE000D381E5 /* Assets.xcassets */ = {isa = PBXFileReference; lastKnownFileType = folder.assetcatalog; path = Assets.xcassets; sourceTree = "<group>"; };
		19718BD922DC3CE000D381E5 /* Base */ = {isa = PBXFileReference; lastKnownFileType = file.storyboard; name = Base; path = Base.lproj/LaunchScreen.storyboard; sourceTree = "<group>"; };
		19718BDB22DC3CE000D381E5 /* Info.plist */ = {isa = PBXFileReference; lastKnownFileType = text.plist.xml; path = Info.plist; sourceTree = "<group>"; };
		19718BE022DC3CE000D381E5 /* ap_2_ios_summerTests.xctest */ = {isa = PBXFileReference; explicitFileType = wrapper.cfbundle; includeInIndex = 0; path = ap_2_ios_summerTests.xctest; sourceTree = BUILT_PRODUCTS_DIR; };
		19718BE422DC3CE100D381E5 /* ap_2_ios_summerTests.swift */ = {isa = PBXFileReference; lastKnownFileType = sourcecode.swift; path = ap_2_ios_summerTests.swift; sourceTree = "<group>"; };
		19718BE622DC3CE100D381E5 /* Info.plist */ = {isa = PBXFileReference; lastKnownFileType = text.plist.xml; path = Info.plist; sourceTree = "<group>"; };
		19718BEB22DC3CE100D381E5 /* ap_2_ios_summerUITests.xctest */ = {isa = PBXFileReference; explicitFileType = wrapper.cfbundle; includeInIndex = 0; path = ap_2_ios_summerUITests.xctest; sourceTree = BUILT_PRODUCTS_DIR; };
		19718BEF22DC3CE100D381E5 /* ap_2_ios_summerUITests.swift */ = {isa = PBXFileReference; lastKnownFileType = sourcecode.swift; path = ap_2_ios_summerUITests.swift; sourceTree = "<group>"; };
		19718BF122DC3CE100D381E5 /* Info.plist */ = {isa = PBXFileReference; lastKnownFileType = text.plist.xml; path = Info.plist; sourceTree = "<group>"; };
/* End PBXFileReference section */

/* Begin PBXFrameworksBuildPhase section */
		19718BC922DC3CDE00D381E5 /* Frameworks */ = {
			isa = PBXFrameworksBuildPhase;
			buildActionMask = 2147483647;
			files = (
			);
			runOnlyForDeploymentPostprocessing = 0;
		};
		19718BDD22DC3CE000D381E5 /* Frameworks */ = {
			isa = PBXFrameworksBuildPhase;
			buildActionMask = 2147483647;
			files = (
			);
			runOnlyForDeploymentPostprocessing = 0;
		};
		19718BE822DC3CE100D381E5 /* Frameworks */ = {
			isa = PBXFrameworksBuildPhase;
			buildActionMask = 2147483647;
			files = (
			);
			runOnlyForDeploymentPostprocessing = 0;
		};
/* End PBXFrameworksBuildPhase section */

/* Begin PBXGroup section */
		19718BC322DC3CDE00D381E5 = {
			isa = PBXGroup;
			children = (
				19718BCE22DC3CDE00D381E5 /* ap_2_ios_summer */,
				19718BE322DC3CE100D381E5 /* ap_2_ios_summerTests */,
				19718BEE22DC3CE100D381E5 /* ap_2_ios_summerUITests */,
				19718BCD22DC3CDE00D381E5 /* Products */,
			);
			sourceTree = "<group>";
		};
		19718BCD22DC3CDE00D381E5 /* Products */ = {
			isa = PBXGroup;
			children = (
				19718BCC22DC3CDE00D381E5 /* ap_2_ios_summer.app */,
				19718BE022DC3CE000D381E5 /* ap_2_ios_summerTests.xctest */,
				19718BEB22DC3CE100D381E5 /* ap_2_ios_summerUITests.xctest */,
			);
			name = Products;
			sourceTree = "<group>";
		};
		19718BCE22DC3CDE00D381E5 /* ap_2_ios_summer */ = {
			isa = PBXGroup;
			children = (
				19718BCF22DC3CDE00D381E5 /* AppDelegate.swift */,
				19718BD122DC3CDE00D381E5 /* ViewController.swift */,
				19718BD322DC3CDE00D381E5 /* Main.storyboard */,
				19718BD622DC3CE000D381E5 /* Assets.xcassets */,
				19718BD822DC3CE000D381E5 /* LaunchScreen.storyboard */,
				19718BDB22DC3CE000D381E5 /* Info.plist */,
			);
			path = ap_2_ios_summer;
			sourceTree = "<group>";
		};
		19718BE322DC3CE100D381E5 /* ap_2_ios_summerTests */ = {
			isa = PBXGroup;
			children = (
				19718BE422DC3CE100D381E5 /* ap_2_ios_summerTests.swift */,
				19718BE622DC3CE100D381E5 /* Info.plist */,
			);
			path = ap_2_ios_summerTests;
			sourceTree = "<group>";
		};
		19718BEE22DC3CE100D381E5 /* ap_2_ios_summerUITests */ = {
			isa = PBXGroup;
			children = (
				19718BEF22DC3CE100D381E5 /* ap_2_ios_summerUITests.swift */,
				19718BF122DC3CE100D381E5 /* Info.plist */,
			);
			path = ap_2_ios_summerUITests;
			sourceTree = "<group>";
		};
/* End PBXGroup section */

/* Begin PBXNativeTarget section */
		19718BCB22DC3CDE00D381E5 /* ap_2_ios_summer */ = {
			isa = PBXNativeTarget;
			buildConfigurationList = 19718BF422DC3CE100D381E5 /* Build configuration list for PBXNativeTarget "ap_2_ios_summer" */;
			buildPhases = (
				19718BC822DC3CDE00D381E5 /* Sources */,
				19718BC922DC3CDE00D381E5 /* Frameworks */,
				19718BCA22DC3CDE00D381E5 /* Resources */,
			);
			buildRules = (
			);
			dependencies = (
			);
			name = ap_2_ios_summer;
			productName = ap_2_ios_summer;
			productReference = 19718BCC22DC3CDE00D381E5 /* ap_2_ios_summer.app */;
			productType = "com.apple.product-type.application";
		};
		19718BDF22DC3CE000D381E5 /* ap_2_ios_summerTests */ = {
			isa = PBXNativeTarget;
			buildConfigurationList = 19718BF722DC3CE100D381E5 /* Build configuration list for PBXNativeTarget "ap_2_ios_summerTests" */;
			buildPhases = (
				19718BDC22DC3CE000D381E5 /* Sources */,
				19718BDD22DC3CE000D381E5 /* Frameworks */,
				19718BDE22DC3CE000D381E5 /* Resources */,
			);
			buildRules = (
			);
			dependencies = (
				19718BE222DC3CE000D381E5 /* PBXTargetDependency */,
			);
			name = ap_2_ios_summerTests;
			productName = ap_2_ios_summerTests;
			productReference = 19718BE022DC3CE000D381E5 /* ap_2_ios_summerTests.xctest */;
			productType = "com.apple.product-type.bundle.unit-test";
		};
		19718BEA22DC3CE100D381E5 /* ap_2_ios_summerUITests */ = {
			isa = PBXNativeTarget;
			buildConfigurationList = 19718BFA22DC3CE100D381E5 /* Build configuration list for PBXNativeTarget "ap_2_ios_summerUITests" */;
			buildPhases = (
				19718BE722DC3CE100D381E5 /* Sources */,
				19718BE822DC3CE100D381E5 /* Frameworks */,
				19718BE922DC3CE100D381E5 /* Resources */,
			);
			buildRules = (
			);
			dependencies = (
				19718BED22DC3CE100D381E5 /* PBXTargetDependency */,
			);
			name = ap_2_ios_summerUITests;
			productName = ap_2_ios_summerUITests;
			productReference = 19718BEB22DC3CE100D381E5 /* ap_2_ios_summerUITests.xctest */;
			productType = "com.apple.product-type.bundle.ui-testing";
		};
/* End PBXNativeTarget section */

/* Begin PBXProject section */
		19718BC422DC3CDE00D381E5 /* Project object */ = {
			isa = PBXProject;
			attributes = {
				LastSwiftUpdateCheck = 1020;
				LastUpgradeCheck = 1020;
				ORGANIZATIONNAME = "吉田れい";
				TargetAttributes = {
					19718BCB22DC3CDE00D381E5 = {
						CreatedOnToolsVersion = 10.2.1;
					};
					19718BDF22DC3CE000D381E5 = {
						CreatedOnToolsVersion = 10.2.1;
						TestTargetID = 19718BCB22DC3CDE00D381E5;
					};
					19718BEA22DC3CE100D381E5 = {
						CreatedOnToolsVersion = 10.2.1;
						TestTargetID = 19718BCB22DC3CDE00D381E5;
					};
				};
			};
			buildConfigurationList = 19718BC722DC3CDE00D381E5 /* Build configuration list for PBXProject "ap_2_ios_summer" */;
			compatibilityVersion = "Xcode 9.3";
			developmentRegion = en;
			hasScannedForEncodings = 0;
			knownRegions = (
				en,
				Base,
			);
			mainGroup = 19718BC322DC3CDE00D381E5;
			productRefGroup = 19718BCD22DC3CDE00D381E5 /* Products */;
			projectDirPath = "";
			projectRoot = "";
			targets = (
				19718BCB22DC3CDE00D381E5 /* ap_2_ios_summer */,
				19718BDF22DC3CE000D381E5 /* ap_2_ios_summerTests */,
				19718BEA22DC3CE100D381E5 /* ap_2_ios_summerUITests */,
			);
		};
/* End PBXProject section */

/* Begin PBXResourcesBuildPhase section */
		19718BCA22DC3CDE00D381E5 /* Resources */ = {
			isa = PBXResourcesBuildPhase;
			buildActionMask = 2147483647;
			files = (
				19718BDA22DC3CE000D381E5 /* LaunchScreen.storyboard in Resources */,
				19718BD722DC3CE000D381E5 /* Assets.xcassets in Resources */,
				19718BD522DC3CDE00D381E5 /* Main.storyboard in Resources */,
			);
			runOnlyForDeploymentPostprocessing = 0;
		};
		19718BDE22DC3CE000D381E5 /* Resources */ = {
			isa = PBXResourcesBuildPhase;
			buildActionMask = 2147483647;
			files = (
			);
			runOnlyForDeploymentPostprocessing = 0;
		};
		19718BE922DC3CE100D381E5 /* Resources */ = {
			isa = PBXResourcesBuildPhase;
			buildActionMask = 2147483647;
			files = (
			);
			runOnlyForDeploymentPostprocessing = 0;
		};
/* End PBXResourcesBuildPhase section */

/* Begin PBXSourcesBuildPhase section */
		19718BC822DC3CDE00D381E5 /* Sources */ = {
			isa = PBXSourcesBuildPhase;
			buildActionMask = 2147483647;
			files = (
				19718BD222DC3CDE00D381E5 /* ViewController.swift in Sources */,
				19718BD022DC3CDE00D381E5 /* AppDelegate.swift in Sources */,
			);
			runOnlyForDeploymentPostprocessing = 0;
		};
		19718BDC22DC3CE000D381E5 /* Sources */ = {
			isa = PBXSourcesBuildPhase;
			buildActionMask = 2147483647;
			files = (
				19718BE522DC3CE100D381E5 /* ap_2_ios_summerTests.swift in Sources */,
			);
			runOnlyForDeploymentPostprocessing = 0;
		};
		19718BE722DC3CE100D381E5 /* Sources */ = {
			isa = PBXSourcesBuildPhase;
			buildActionMask = 2147483647;
			files = (
				19718BF022DC3CE100D381E5 /* ap_2_ios_summerUITests.swift in Sources */,
			);
			runOnlyForDeploymentPostprocessing = 0;
		};
/* End PBXSourcesBuildPhase section */

/* Begin PBXTargetDependency section */
		19718BE222DC3CE000D381E5 /* PBXTargetDependency */ = {
			isa = PBXTargetDependency;
			target = 19718BCB22DC3CDE00D381E5 /* ap_2_ios_summer */;
			targetProxy = 19718BE122DC3CE000D381E5 /* PBXContainerItemProxy */;
		};
		19718BED22DC3CE100D381E5 /* PBXTargetDependency */ = {
			isa = PBXTargetDependency;
			target = 19718BCB22DC3CDE00D381E5 /* ap_2_ios_summer */;
			targetProxy = 19718BEC22DC3CE100D381E5 /* PBXContainerItemProxy */;
		};
/* End PBXTargetDependency section */

/* Begin PBXVariantGroup section */
		19718BD322DC3CDE00D381E5 /* Main.storyboard */ = {
			isa = PBXVariantGroup;
			children = (
				19718BD422DC3CDE00D381E5 /* Base */,
			);
			name = Main.storyboard;
			sourceTree = "<group>";
		};
		19718BD822DC3CE000D381E5 /* LaunchScreen.storyboard */ = {
			isa = PBXVariantGroup;
			children = (
				19718BD922DC3CE000D381E5 /* Base */,
			);
			name = LaunchScreen.storyboard;
			sourceTree = "<group>";
		};
/* End PBXVariantGroup section */

/* Begin XCBuildConfiguration section */
		19718BF222DC3CE100D381E5 /* Debug */ = {
			isa = XCBuildConfiguration;
			buildSettings = {
				ALWAYS_SEARCH_USER_PATHS = NO;
				CLANG_ANALYZER_NONNULL = YES;
				CLANG_ANALYZER_NUMBER_OBJECT_CONVERSION = YES_AGGRESSIVE;
				CLANG_CXX_LANGUAGE_STANDARD = "gnu++14";
				CLANG_CXX_LIBRARY = "libc++";
				CLANG_ENABLE_MODULES = YES;
				CLANG_ENABLE_OBJC_ARC = YES;
				CLANG_ENABLE_OBJC_WEAK = YES;
				CLANG_WARN_BLOCK_CAPTURE_AUTORELEASING = YES;
				CLANG_WARN_BOOL_CONVERSION = YES;
				CLANG_WARN_COMMA = YES;
				CLANG_WARN_CONSTANT_CONVERSION = YES;
				CLANG_WARN_DEPRECATED_OBJC_IMPLEMENTATIONS = YES;
				CLANG_WARN_DIRECT_OBJC_ISA_USAGE = YES_ERROR;
				CLANG_WARN_DOCUMENTATION_COMMENTS = YES;
				CLANG_WARN_EMPTY_BODY = YES;
				CLANG_WARN_ENUM_CONVERSION = YES;
				CLANG_WARN_INFINITE_RECURSION = YES;
				CLANG_WARN_INT_CONVERSION = YES;
				CLANG_WARN_NON_LITERAL_NULL_CONVERSION = YES;
				CLANG_WARN_OBJC_IMPLICIT_RETAIN_SELF = YES;
				CLANG_WARN_OBJC_LITERAL_CONVERSION = YES;
				CLANG_WARN_OBJC_ROOT_CLASS = YES_ERROR;
				CLANG_WARN_RANGE_LOOP_ANALYSIS = YES;
				CLANG_WARN_STRICT_PROTOTYPES = YES;
				CLANG_WARN_SUSPICIOUS_MOVE = YES;
				CLANG_WARN_UNGUARDED_AVAILABILITY = YES_AGGRESSIVE;
				CLANG_WARN_UNREACHABLE_CODE = YES;
				CLANG_WARN__DUPLICATE_METHOD_MATCH = YES;
				CODE_SIGN_IDENTITY = "iPhone Developer";
				COPY_PHASE_STRIP = NO;
				DEBUG_INFORMATION_FORMAT = dwarf;
				ENABLE_STRICT_OBJC_MSGSEND = YES;
				ENABLE_TESTABILITY = YES;
				GCC_C_LANGUAGE_STANDARD = gnu11;
				GCC_DYNAMIC_NO_PIC = NO;
				GCC_NO_COMMON_BLOCKS = YES;
				GCC_OPTIMIZATION_LEVEL = 0;
				GCC_PREPROCESSOR_DEFINITIONS = (
					"DEBUG=1",
					"$(inherited)",
				);
				GCC_WARN_64_TO_32_BIT_CONVERSION = YES;
				GCC_WARN_ABOUT_RETURN_TYPE = YES_ERROR;
				GCC_WARN_UNDECLARED_SELECTOR = YES;
				GCC_WARN_UNINITIALIZED_AUTOS = YES_AGGRESSIVE;
				GCC_WARN_UNUSED_FUNCTION = YES;
				GCC_WARN_UNUSED_VARIABLE = YES;
				IPHONEOS_DEPLOYMENT_TARGET = 12.2;
				MTL_ENABLE_DEBUG_INFO = INCLUDE_SOURCE;
				MTL_FAST_MATH = YES;
				ONLY_ACTIVE_ARCH = YES;
				SDKROOT = iphoneos;
				SWIFT_ACTIVE_COMPILATION_CONDITIONS = DEBUG;
				SWIFT_OPTIMIZATION_LEVEL = "-Onone";
			};
			name = Debug;
		};
		19718BF322DC3CE100D381E5 /* Release */ = {
			isa = XCBuildConfiguration;
			buildSettings = {
				ALWAYS_SEARCH_USER_PATHS = NO;
				CLANG_ANALYZER_NONNULL = YES;
				CLANG_ANALYZER_NUMBER_OBJECT_CONVERSION = YES_AGGRESSIVE;
				CLANG_CXX_LANGUAGE_STANDARD = "gnu++14";
				CLANG_CXX_LIBRARY = "libc++";
				CLANG_ENABLE_MODULES = YES;
				CLANG_ENABLE_OBJC_ARC = YES;
				CLANG_ENABLE_OBJC_WEAK = YES;
				CLANG_WARN_BLOCK_CAPTURE_AUTORELEASING = YES;
				CLANG_WARN_BOOL_CONVERSION = YES;
				CLANG_WARN_COMMA = YES;
				CLANG_WARN_CONSTANT_CONVERSION = YES;
				CLANG_WARN_DEPRECATED_OBJC_IMPLEMENTATIONS = YES;
				CLANG_WARN_DIRECT_OBJC_ISA_USAGE = YES_ERROR;
				CLANG_WARN_DOCUMENTATION_COMMENTS = YES;
				CLANG_WARN_EMPTY_BODY = YES;
				CLANG_WARN_ENUM_CONVERSION = YES;
				CLANG_WARN_INFINITE_RECURSION = YES;
				CLANG_WARN_INT_CONVERSION = YES;
				CLANG_WARN_NON_LITERAL_NULL_CONVERSION = YES;
				CLANG_WARN_OBJC_IMPLICIT_RETAIN_SELF = YES;
				CLANG_WARN_OBJC_LITERAL_CONVERSION = YES;
				CLANG_WARN_OBJC_ROOT_CLASS = YES_ERROR;
				CLANG_WARN_RANGE_LOOP_ANALYSIS = YES;
				CLANG_WARN_STRICT_PROTOTYPES = YES;
				CLANG_WARN_SUSPICIOUS_MOVE = YES;
				CLANG_WARN_UNGUARDED_AVAILABILITY = YES_AGGRESSIVE;
				CLANG_WARN_UNREACHABLE_CODE = YES;
				CLANG_WARN__DUPLICATE_METHOD_MATCH = YES;
				CODE_SIGN_IDENTITY = "iPhone Developer";
				COPY_PHASE_STRIP = NO;
				DEBUG_INFORMATION_FORMAT = "dwarf-with-dsym";
				ENABLE_NS_ASSERTIONS = NO;
				ENABLE_STRICT_OBJC_MSGSEND = YES;
				GCC_C_LANGUAGE_STANDARD = gnu11;
				GCC_NO_COMMON_BLOCKS = YES;
				GCC_WARN_64_TO_32_BIT_CONVERSION = YES;
				GCC_WARN_ABOUT_RETURN_TYPE = YES_ERROR;
				GCC_WARN_UNDECLARED_SELECTOR = YES;
				GCC_WARN_UNINITIALIZED_AUTOS = YES_AGGRESSIVE;
				GCC_WARN_UNUSED_FUNCTION = YES;
				GCC_WARN_UNUSED_VARIABLE = YES;
				IPHONEOS_DEPLOYMENT_TARGET = 12.2;
				MTL_ENABLE_DEBUG_INFO = NO;
				MTL_FAST_MATH = YES;
				SDKROOT = iphoneos;
				SWIFT_COMPILATION_MODE = wholemodule;
				SWIFT_OPTIMIZATION_LEVEL = "-O";
				VALIDATE_PRODUCT = YES;
			};
			name = Release;
		};
		19718BF522DC3CE100D381E5 /* Debug */ = {
			isa = XCBuildConfiguration;
			buildSettings = {
				ASSETCATALOG_COMPILER_APPICON_NAME = AppIcon;
				CODE_SIGN_STYLE = Automatic;
				INFOPLIST_FILE = ap_2_ios_summer/Info.plist;
				LD_RUNPATH_SEARCH_PATHS = (
					"$(inherited)",
					"@executable_path/Frameworks",
				);
				PRODUCT_BUNDLE_IDENTIFIER = "rei07041998.ap-2-ios-summer";
				PRODUCT_NAME = "$(TARGET_NAME)";
				SWIFT_VERSION = 5.0;
				TARGETED_DEVICE_FAMILY = "1,2";
			};
			name = Debug;
		};
		19718BF622DC3CE100D381E5 /* Release */ = {
			isa = XCBuildConfiguration;
			buildSettings = {
				ASSETCATALOG_COMPILER_APPICON_NAME = AppIcon;
				CODE_SIGN_STYLE = Automatic;
				INFOPLIST_FILE = ap_2_ios_summer/Info.plist;
				LD_RUNPATH_SEARCH_PATHS = (
					"$(inherited)",
					"@executable_path/Frameworks",
				);
				PRODUCT_BUNDLE_IDENTIFIER = "rei07041998.ap-2-ios-summer";
				PRODUCT_NAME = "$(TARGET_NAME)";
				SWIFT_VERSION = 5.0;
				TARGETED_DEVICE_FAMILY = "1,2";
			};
			name = Release;
		};
		19718BF822DC3CE100D381E5 /* Debug */ = {
			isa = XCBuildConfiguration;
			buildSettings = {
				ALWAYS_EMBED_SWIFT_STANDARD_LIBRARIES = YES;
				BUNDLE_LOADER = "$(TEST_HOST)";
				CODE_SIGN_STYLE = Automatic;
				INFOPLIST_FILE = ap_2_ios_summerTests/Info.plist;
				LD_RUNPATH_SEARCH_PATHS = (
					"$(inherited)",
					"@executable_path/Frameworks",
					"@loader_path/Frameworks",
				);
				PRODUCT_BUNDLE_IDENTIFIER = "rei07041998.ap-2-ios-summerTests";
				PRODUCT_NAME = "$(TARGET_NAME)";
				SWIFT_VERSION = 5.0;
				TARGETED_DEVICE_FAMILY = "1,2";
				TEST_HOST = "$(BUILT_PRODUCTS_DIR)/ap_2_ios_summer.app/ap_2_ios_summer";
			};
			name = Debug;
		};
		19718BF922DC3CE100D381E5 /* Release */ = {
			isa = XCBuildConfiguration;
			buildSettings = {
				ALWAYS_EMBED_SWIFT_STANDARD_LIBRARIES = YES;
				BUNDLE_LOADER = "$(TEST_HOST)";
				CODE_SIGN_STYLE = Automatic;
				INFOPLIST_FILE = ap_2_ios_summerTests/Info.plist;
				LD_RUNPATH_SEARCH_PATHS = (
					"$(inherited)",
					"@executable_path/Frameworks",
					"@loader_path/Frameworks",
				);
				PRODUCT_BUNDLE_IDENTIFIER = "rei07041998.ap-2-ios-summerTests";
				PRODUCT_NAME = "$(TARGET_NAME)";
				SWIFT_VERSION = 5.0;
				TARGETED_DEVICE_FAMILY = "1,2";
				TEST_HOST = "$(BUILT_PRODUCTS_DIR)/ap_2_ios_summer.app/ap_2_ios_summer";
			};
			name = Release;
		};
		19718BFB22DC3CE100D381E5 /* Debug */ = {
			isa = XCBuildConfiguration;
			buildSettings = {
				ALWAYS_EMBED_SWIFT_STANDARD_LIBRARIES = YES;
				CODE_SIGN_STYLE = Automatic;
				INFOPLIST_FILE = ap_2_ios_summerUITests/Info.plist;
				LD_RUNPATH_SEARCH_PATHS = (
					"$(inherited)",
					"@executable_path/Frameworks",
					"@loader_path/Frameworks",
				);
				PRODUCT_BUNDLE_IDENTIFIER = "rei07041998.ap-2-ios-summerUITests";
				PRODUCT_NAME = "$(TARGET_NAME)";
				SWIFT_VERSION = 5.0;
				TARGETED_DEVICE_FAMILY = "1,2";
				TEST_TARGET_NAME = ap_2_ios_summer;
			};
			name = Debug;
		};
		19718BFC22DC3CE100D381E5 /* Release */ = {
			isa = XCBuildConfiguration;
			buildSettings = {
				ALWAYS_EMBED_SWIFT_STANDARD_LIBRARIES = YES;
				CODE_SIGN_STYLE = Automatic;
				INFOPLIST_FILE = ap_2_ios_summerUITests/Info.plist;
				LD_RUNPATH_SEARCH_PATHS = (
					"$(inherited)",
					"@executable_path/Frameworks",
					"@loader_path/Frameworks",
				);
				PRODUCT_BUNDLE_IDENTIFIER = "rei07041998.ap-2-ios-summerUITests";
				PRODUCT_NAME = "$(TARGET_NAME)";
				SWIFT_VERSION = 5.0;
				TARGETED_DEVICE_FAMILY = "1,2";
				TEST_TARGET_NAME = ap_2_ios_summer;
			};
			name = Release;
		};
/* End XCBuildConfiguration section */

/* Begin XCConfigurationList section */
		19718BC722DC3CDE00D381E5 /* Build configuration list for PBXProject "ap_2_ios_summer" */ = {
			isa = XCConfigurationList;
			buildConfigurations = (
				19718BF222DC3CE100D381E5 /* Debug */,
				19718BF322DC3CE100D381E5 /* Release */,
			);
			defaultConfigurationIsVisible = 0;
			defaultConfigurationName = Release;
		};
		19718BF422DC3CE100D381E5 /* Build configuration list for PBXNativeTarget "ap_2_ios_summer" */ = {
			isa = XCConfigurationList;
			buildConfigurations = (
				19718BF522DC3CE100D381E5 /* Debug */,
				19718BF622DC3CE100D381E5 /* Release */,
			);
			defaultConfigurationIsVisible = 0;
			defaultConfigurationName = Release;
		};
		19718BF722DC3CE100D381E5 /* Build configuration list for PBXNativeTarget "ap_2_ios_summerTests" */ = {
			isa = XCConfigurationList;
			buildConfigurations = (
				19718BF822DC3CE100D381E5 /* Debug */,
				19718BF922DC3CE100D381E5 /* Release */,
			);
			defaultConfigurationIsVisible = 0;
			defaultConfigurationName = Release;
		};
		19718BFA22DC3CE100D381E5 /* Build configuration list for PBXNativeTarget "ap_2_ios_summerUITests" */ = {
			isa = XCConfigurationList;
			buildConfigurations = (
				19718BFB22DC3CE100D381E5 /* Debug */,
				19718BFC22DC3CE100D381E5 /* Release */,
			);
			defaultConfigurationIsVisible = 0;
			defaultConfigurationName = Release;
		};
/* End XCConfigurationList section */
	};
	rootObject = 19718BC422DC3CDE00D381E5 /* Project object */;
}
